Microsoft Visual Studio Solution File, Format Version 11.00
# Visual Studio 2010
Project("{F184B08F-C81C-45F6-A57F-5ABD9991F28F}") = "WpfApplication45", "WpfApplication45\WpfApplication45.vbproj", "{BE26A2C7-1D51-4D75-A7F3-284D61390100}"
EndProject
Global
	GlobalSection(SolutionConfigurationPlatforms) = preSolution
		Debug|x86 = Debug|x86
		Release|x86 = Release|x86
	EndGlobalSection
	GlobalSection(ProjectConfigurationPlatforms) = postSolution
		{BE26A2C7-1D51-4D75-A7F3-284D61390100}.Debug|x86.ActiveCfg = Debug|x86
		{BE26A2C7-1D51-4D75-A7F3-284D61390100}.Debug|x86.Build.0 = Debug|x86
		{BE26A2C7-1D51-4D75-A7F3-284D61390100}.Release|x86.ActiveCfg = Release|x86
		{BE26A2C7-1D51-4D75-A7F3-284D61390100}.Release|x86.Build.0 = Release|x86
	EndGlobalSection
	GlobalSection(SolutionProperties) = preSolution
		HideSolutionNode = FALSE
	EndGlobalSection
EndGlobal
